// !$*UTF8*$!
{
	archiveVersion = 1;
	classes = {
	};
	objectVersion = 46;
	objects = {

/* Begin PBXBuildFile section */
		7CFC9B901ADD4EB20017DD5B /* AppDelegate.swift in Sources */ = {isa = PBXBuildFile; fileRef = 7CFC9B8F1ADD4EB20017DD5B /* AppDelegate.swift */; };
		7CFC9B921ADD4EB20017DD5B /* ViewController.swift in Sources */ = {isa = PBXBuildFile; fileRef = 7CFC9B911ADD4EB20017DD5B /* ViewController.swift */; };
		7CFC9B951ADD4EB20017DD5B /* Main.storyboard in Resources */ = {isa = PBXBuildFile; fileRef = 7CFC9B931ADD4EB20017DD5B /* Main.storyboard */; };
		7CFC9B971ADD4EB20017DD5B /* Images.xcassets in Resources */ = {isa = PBXBuildFile; fileRef = 7CFC9B961ADD4EB20017DD5B /* Images.xcassets */; };
		7CFC9B9A1ADD4EB20017DD5B /* LaunchScreen.xib in Resources */ = {isa = PBXBuildFile; fileRef = 7CFC9B981ADD4EB20017DD5B /* LaunchScreen.xib */; };
		7CFC9BA61ADD4EB30017DD5B /* Nicola_GiancecchiTests.swift in Sources */ = {isa = PBXBuildFile; fileRef = 7CFC9BA51ADD4EB30017DD5B /* Nicola_GiancecchiTests.swift */; };
/* End PBXBuildFile section */

/* Begin PBXContainerItemProxy section */
		7CFC9BA01ADD4EB20017DD5B /* PBXContainerItemProxy */ = {
			isa = PBXContainerItemProxy;
			containerPortal = 7CFC9B821ADD4EB20017DD5B /* Project object */;
			proxyType = 1;
			remoteGlobalIDString = 7CFC9B891ADD4EB20017DD5B;
			remoteInfo = "Nicola Giancecchi";
		};
/* End PBXContainerItemProxy section */

/* Begin PBXFileReference section */
		7CFC9B8A1ADD4EB20017DD5B /* Nicola Giancecchi.app */ = {isa = PBXFileReference; explicitFileType = wrapper.application; includeInIndex = 0; path = "Nicola Giancecchi.app"; sourceTree = BUILT_PRODUCTS_DIR; };
		7CFC9B8E1ADD4EB20017DD5B /* Info.plist */ = {isa = PBXFileReference; lastKnownFileType = text.plist.xml; path = Info.plist; sourceTree = "<group>"; };
		7CFC9B8F1ADD4EB20017DD5B /* AppDelegate.swift */ = {isa = PBXFileReference; lastKnownFileType = sourcecode.swift; path = AppDelegate.swift; sourceTree = "<group>"; };
		7CFC9B911ADD4EB20017DD5B /* ViewController.swift */ = {isa = PBXFileReference; lastKnownFileType = sourcecode.swift; path = ViewController.swift; sourceTree = "<group>"; };
		7CFC9B941ADD4EB20017DD5B /* Base */ = {isa = PBXFileReference; lastKnownFileType = file.storyboard; name = Base; path = Base.lproj/Main.storyboard; sourceTree = "<group>"; };
		7CFC9B961ADD4EB20017DD5B /* Images.xcassets */ = {isa = PBXFileReference; lastKnownFileType = folder.assetcatalog; path = Images.xcassets; sourceTree = "<group>"; };
		7CFC9B991ADD4EB20017DD5B /* Base */ = {isa = PBXFileReference; lastKnownFileType = file.xib; name = Base; path = Base.lproj/LaunchScreen.xib; sourceTree = "<group>"; };
		7CFC9B9F1ADD4EB20017DD5B /* Nicola GiancecchiTests.xctest */ = {isa = PBXFileReference; explicitFileType = wrapper.cfbundle; includeInIndex = 0; path = "Nicola GiancecchiTests.xctest"; sourceTree = BUILT_PRODUCTS_DIR; };
		7CFC9BA41ADD4EB20017DD5B /* Info.plist */ = {isa = PBXFileReference; lastKnownFileType = text.plist.xml; path = Info.plist; sourceTree = "<group>"; };
		7CFC9BA51ADD4EB30017DD5B /* Nicola_GiancecchiTests.swift */ = {isa = PBXFileReference; lastKnownFileType = sourcecode.swift; path = Nicola_GiancecchiTests.swift; sourceTree = "<group>"; };
/* End PBXFileReference section */

/* Begin PBXFrameworksBuildPhase section */
		7CFC9B871ADD4EB20017DD5B /* Frameworks */ = {
			isa = PBXFrameworksBuildPhase;
			buildActionMask = 2147483647;
			files = (
			);
			runOnlyForDeploymentPostprocessing = 0;
		};
		7CFC9B9C1ADD4EB20017DD5B /* Frameworks */ = {
			isa = PBXFrameworksBuildPhase;
			buildActionMask = 2147483647;
			files = (
			);
			runOnlyForDeploymentPostprocessing = 0;
		};
/* End PBXFrameworksBuildPhase section */

/* Begin PBXGroup section */
		7CFC9B811ADD4EB20017DD5B = {
			isa = PBXGroup;
			children = (
				7CFC9B8C1ADD4EB20017DD5B /* Nicola Giancecchi */,
				7CFC9BA21ADD4EB20017DD5B /* Nicola GiancecchiTests */,
				7CFC9B8B1ADD4EB20017DD5B /* Products */,
			);
			sourceTree = "<group>";
		};
		7CFC9B8B1ADD4EB20017DD5B /* Products */ = {
			isa = PBXGroup;
			children = (
				7CFC9B8A1ADD4EB20017DD5B /* Nicola Giancecchi.app */,
				7CFC9B9F1ADD4EB20017DD5B /* Nicola GiancecchiTests.xctest */,
			);
			name = Products;
			sourceTree = "<group>";
		};
		7CFC9B8C1ADD4EB20017DD5B /* Nicola Giancecchi */ = {
			isa = PBXGroup;
			children = (
				7CFC9B8F1ADD4EB20017DD5B /* AppDelegate.swift */,
				7CFC9B911ADD4EB20017DD5B /* ViewController.swift */,
				7CFC9B931ADD4EB20017DD5B /* Main.storyboard */,
				7CFC9B961ADD4EB20017DD5B /* Images.xcassets */,
				7CFC9B981ADD4EB20017DD5B /* LaunchScreen.xib */,
				7CFC9B8D1ADD4EB20017DD5B /* Supporting Files */,
			);
			path = "Nicola Giancecchi";
			sourceTree = "<group>";
		};
		7CFC9B8D1ADD4EB20017DD5B /* Supporting Files */ = {
			isa = PBXGroup;
			children = (
				7CFC9B8E1ADD4EB20017DD5B /* Info.plist */,
			);
			name = "Supporting Files";
			sourceTree = "<group>";
		};
		7CFC9BA21ADD4EB20017DD5B /* Nicola GiancecchiTests */ = {
			isa = PBXGroup;
			children = (
				7CFC9BA51ADD4EB30017DD5B /* Nicola_GiancecchiTests.swift */,
				7CFC9BA31ADD4EB20017DD5B /* Supporting Files */,
			);
			path = "Nicola GiancecchiTests";
			sourceTree = "<group>";
		};
		7CFC9BA31ADD4EB20017DD5B /* Supporting Files */ = {
			isa = PBXGroup;
			children = (
				7CFC9BA41ADD4EB20017DD5B /* Info.plist */,
			);
			name = "Supporting Files";
			sourceTree = "<group>";
		};
/* End PBXGroup section */

/* Begin PBXNativeTarget section */
		7CFC9B891ADD4EB20017DD5B /* Nicola Giancecchi */ = {
			isa = PBXNativeTarget;
			buildConfigurationList = 7CFC9BA91ADD4EB30017DD5B /* Build configuration list for PBXNativeTarget "Nicola Giancecchi" */;
			buildPhases = (
				7CFC9B861ADD4EB20017DD5B /* Sources */,
				7CFC9B871ADD4EB20017DD5B /* Frameworks */,
				7CFC9B881ADD4EB20017DD5B /* Resources */,
			);
			buildRules = (
			);
			dependencies = (
			);
			name = "Nicola Giancecchi";
			productName = "Nicola Giancecchi";
			productReference = 7CFC9B8A1ADD4EB20017DD5B /* Nicola Giancecchi.app */;
			productType = "com.apple.product-type.application";
		};
		7CFC9B9E1ADD4EB20017DD5B /* Nicola GiancecchiTests */ = {
			isa = PBXNativeTarget;
			buildConfigurationList = 7CFC9BAC1ADD4EB30017DD5B /* Build configuration list for PBXNativeTarget "Nicola GiancecchiTests" */;
			buildPhases = (
				7CFC9B9B1ADD4EB20017DD5B /* Sources */,
				7CFC9B9C1ADD4EB20017DD5B /* Frameworks */,
				7CFC9B9D1ADD4EB20017DD5B /* Resources */,
			);
			buildRules = (
			);
			dependencies = (
				7CFC9BA11ADD4EB20017DD5B /* PBXTargetDependency */,
			);
			name = "Nicola GiancecchiTests";
			productName = "Nicola GiancecchiTests";
			productReference = 7CFC9B9F1ADD4EB20017DD5B /* Nicola GiancecchiTests.xctest */;
			productType = "com.apple.product-type.bundle.unit-test";
		};
/* End PBXNativeTarget section */

/* Begin PBXProject section */
		7CFC9B821ADD4EB20017DD5B /* Project object */ = {
			isa = PBXProject;
			attributes = {
				LastUpgradeCheck = 0630;
				ORGANIZATIONNAME = "Nicola Giancecchi";
				TargetAttributes = {
					7CFC9B891ADD4EB20017DD5B = {
						CreatedOnToolsVersion = 6.3;
					};
					7CFC9B9E1ADD4EB20017DD5B = {
						CreatedOnToolsVersion = 6.3;
						TestTargetID = 7CFC9B891ADD4EB20017DD5B;
					};
				};
			};
			buildConfigurationList = 7CFC9B851ADD4EB20017DD5B /* Build configuration list for PBXProject "Nicola Giancecchi" */;
			compatibilityVersion = "Xcode 3.2";
			developmentRegion = English;
			hasScannedForEncodings = 0;
			knownRegions = (
				en,
				Base,
			);
			mainGroup = 7CFC9B811ADD4EB20017DD5B;
			productRefGroup = 7CFC9B8B1ADD4EB20017DD5B /* Products */;
			projectDirPath = "";
			projectRoot = "";
			targets = (
				7CFC9B891ADD4EB20017DD5B /* Nicola Giancecchi */,
				7CFC9B9E1ADD4EB20017DD5B /* Nicola GiancecchiTests */,
			);
		};
/* End PBXProject section */

/* Begin PBXResourcesBuildPhase section */
		7CFC9B881ADD4EB20017DD5B /* Resources */ = {
			isa = PBXResourcesBuildPhase;
			buildActionMask = 2147483647;
			files = (
				7CFC9B951ADD4EB20017DD5B /* Main.storyboard in Resources */,
				7CFC9B9A1ADD4EB20017DD5B /* LaunchScreen.xib in Resources */,
				7CFC9B971ADD4EB20017DD5B /* Images.xcassets in Resources */,
			);
			runOnlyForDeploymentPostprocessing = 0;
		};
		7CFC9B9D1ADD4EB20017DD5B /* Resources */ = {
			isa = PBXResourcesBuildPhase;
			buildActionMask = 2147483647;
			files = (
			);
			runOnlyForDeploymentPostprocessing = 0;
		};
/* End PBXResourcesBuildPhase section */

/* Begin PBXSourcesBuildPhase section */
		7CFC9B861ADD4EB20017DD5B /* Sources */ = {
			isa = PBXSourcesBuildPhase;
			buildActionMask = 2147483647;
			files = (
				7CFC9B921ADD4EB20017DD5B /* ViewController.swift in Sources */,
				7CFC9B901ADD4EB20017DD5B /* AppDelegate.swift in Sources */,
			);
			runOnlyForDeploymentPostprocessing = 0;
		};
		7CFC9B9B1ADD4EB20017DD5B /* Sources */ = {
			isa = PBXSourcesBuildPhase;
			buildActionMask = 2147483647;
			files = (
				7CFC9BA61ADD4EB30017DD5B /* Nicola_GiancecchiTests.swift in Sources */,
			);
			runOnlyForDeploymentPostprocessing = 0;
		};
/* End PBXSourcesBuildPhase section */

/* Begin PBXTargetDependency section */
		7CFC9BA11ADD4EB20017DD5B /* PBXTargetDependency */ = {
			isa = PBXTargetDependency;
			target = 7CFC9B891ADD4EB20017DD5B /* Nicola Giancecchi */;
			targetProxy = 7CFC9BA01ADD4EB20017DD5B /* PBXContainerItemProxy */;
		};
/* End PBXTargetDependency section */

/* Begin PBXVariantGroup section */
		7CFC9B931ADD4EB20017DD5B /* Main.storyboard */ = {
			isa = PBXVariantGroup;
			children = (
				7CFC9B941ADD4EB20017DD5B /* Base */,
			);
			name = Main.storyboard;
			sourceTree = "<group>";
		};
		7CFC9B981ADD4EB20017DD5B /* LaunchScreen.xib */ = {
			isa = PBXVariantGroup;
			children = (
				7CFC9B991ADD4EB20017DD5B /* Base */,
			);
			name = LaunchScreen.xib;
			sourceTree = "<group>";
		};
/* End PBXVariantGroup section */

/* Begin XCBuildConfiguration section */
		7CFC9BA71ADD4EB30017DD5B /* Debug */ = {
			isa = XCBuildConfiguration;
			buildSettings = {
				ALWAYS_SEARCH_USER_PATHS = NO;
				CLANG_CXX_LANGUAGE_STANDARD = "gnu++0x";
				CLANG_CXX_LIBRARY = "libc++";
				CLANG_ENABLE_MODULES = YES;
				CLANG_ENABLE_OBJC_ARC = YES;
				CLANG_WARN_BOOL_CONVERSION = YES;
				CLANG_WARN_CONSTANT_CONVERSION = YES;
				CLANG_WARN_DIRECT_OBJC_ISA_USAGE = YES_ERROR;
				CLANG_WARN_EMPTY_BODY = YES;
				CLANG_WARN_ENUM_CONVERSION = YES;
				CLANG_WARN_INT_CONVERSION = YES;
				CLANG_WARN_OBJC_ROOT_CLASS = YES_ERROR;
				CLANG_WARN_UNREACHABLE_CODE = YES;
				CLANG_WARN__DUPLICATE_METHOD_MATCH = YES;
				"CODE_SIGN_IDENTITY[sdk=iphoneos*]" = "iPhone Developer";
				COPY_PHASE_STRIP = NO;
				DEBUG_INFORMATION_FORMAT = "dwarf-with-dsym";
				ENABLE_STRICT_OBJC_MSGSEND = YES;
				GCC_C_LANGUAGE_STANDARD = gnu99;
				GCC_DYNAMIC_NO_PIC = NO;
				GCC_NO_COMMON_BLOCKS = YES;
				GCC_OPTIMIZATION_LEVEL = 0;
				GCC_PREPROCESSOR_DEFINITIONS = (
					"DEBUG=1",
					"$(inherited)",
				);
				GCC_SYMBOLS_PRIVATE_EXTERN = NO;
				GCC_WARN_64_TO_32_BIT_CONVERSION = YES;
				GCC_WARN_ABOUT_RETURN_TYPE = YES_ERROR;
				GCC_WARN_UNDECLARED_SELECTOR = YES;
				GCC_WARN_UNINITIALIZED_AUTOS = YES_AGGRESSIVE;
				GCC_WARN_UNUSED_FUNCTION = YES;
				GCC_WARN_UNUSED_VARIABLE = YES;
				IPHONEOS_DEPLOYMENT_TARGET = 8.3;
				MTL_ENABLE_DEBUG_INFO = YES;
				ONLY_ACTIVE_ARCH = YES;
				SDKROOT = iphoneos;
				SWIFT_OPTIMIZATION_LEVEL = "-Onone";
			};
			name = Debug;
		};
		7CFC9BA81ADD4EB30017DD5B /* Release */ = {
			isa = XCBuildConfiguration;
			buildSettings = {
				ALWAYS_SEARCH_USER_PATHS = NO;
				CLANG_CXX_LANGUAGE_STANDARD = "gnu++0x";
				CLANG_CXX_LIBRARY = "libc++";
				CLANG_ENABLE_MODULES = YES;
				CLANG_ENABLE_OBJC_ARC = YES;
				CLANG_WARN_BOOL_CONVERSION = YES;
				CLANG_WARN_CONSTANT_CONVERSION = YES;
				CLANG_WARN_DIRECT_OBJC_ISA_USAGE = YES_ERROR;
				CLANG_WARN_EMPTY_BODY = YES;
				CLANG_WARN_ENUM_CONVERSION = YES;
				CLANG_WARN_INT_CONVERSION = YES;
				CLANG_WARN_OBJC_ROOT_CLASS = YES_ERROR;
				CLANG_WARN_UNREACHABLE_CODE = YES;
				CLANG_WARN__DUPLICATE_METHOD_MATCH = YES;
				"CODE_SIGN_IDENTITY[sdk=iphoneos*]" = "iPhone Developer";
				COPY_PHASE_STRIP = NO;
				DEBUG_INFORMATION_FORMAT = "dwarf-with-dsym";
				ENABLE_NS_ASSERTIONS = NO;
				ENABLE_STRICT_OBJC_MSGSEND = YES;
				GCC_C_LANGUAGE_STANDARD = gnu99;
				GCC_NO_COMMON_BLOCKS = YES;
				GCC_WARN_64_TO_32_BIT_CONVERSION = YES;
				GCC_WARN_ABOUT_RETURN_TYPE = YES_ERROR;
				GCC_WARN_UNDECLARED_SELECTOR = YES;
				GCC_WARN_UNINITIALIZED_AUTOS = YES_AGGRESSIVE;
				GCC_WARN_UNUSED_FUNCTION = YES;
				GCC_WARN_UNUSED_VARIABLE = YES;
				IPHONEOS_DEPLOYMENT_TARGET = 8.3;
				MTL_ENABLE_DEBUG_INFO = NO;
				SDKROOT = iphoneos;
				VALIDATE_PRODUCT = YES;
			};
			name = Release;
		};
		7CFC9BAA1ADD4EB30017DD5B /* Debug */ = {
			isa = XCBuildConfiguration;
			buildSettings = {
				ASSETCATALOG_COMPILER_APPICON_NAME = AppIcon;
				INFOPLIST_FILE = "Nicola Giancecchi/Info.plist";
				LD_RUNPATH_SEARCH_PATHS = "$(inherited) @executable_path/Frameworks";
				PRODUCT_NAME = "$(TARGET_NAME)";
			};
			name = Debug;
		};
		7CFC9BAB1ADD4EB30017DD5B /* Release */ = {
			isa = XCBuildConfiguration;
			buildSettings = {
				ASSETCATALOG_COMPILER_APPICON_NAME = AppIcon;
				INFOPLIST_FILE = "Nicola Giancecchi/Info.plist";
				LD_RUNPATH_SEARCH_PATHS = "$(inherited) @executable_path/Frameworks";
				PRODUCT_NAME = "$(TARGET_NAME)";
			};
			name = Release;
		};
		7CFC9BAD1ADD4EB30017DD5B /* Debug */ = {
			isa = XCBuildConfiguration;
			buildSettings = {
				BUNDLE_LOADER = "$(TEST_HOST)";
				FRAMEWORK_SEARCH_PATHS = (
					"$(SDKROOT)/Developer/Library/Frameworks",
					"$(inherited)",
				);
				GCC_PREPROCESSOR_DEFINITIONS = (
					"DEBUG=1",
					"$(inherited)",
				);
				INFOPLIST_FILE = "Nicola GiancecchiTests/Info.plist";
				LD_RUNPATH_SEARCH_PATHS = "$(inherited) @executable_path/Frameworks @loader_path/Frameworks";
				PRODUCT_NAME = "$(TARGET_NAME)";
				TEST_HOST = "$(BUILT_PRODUCTS_DIR)/Nicola Giancecchi.app/Nicola Giancecchi";
			};
			name = Debug;
		};
		7CFC9BAE1ADD4EB30017DD5B /* Release */ = {
			isa = XCBuildConfiguration;
			buildSettings = {
				BUNDLE_LOADER = "$(TEST_HOST)";
				FRAMEWORK_SEARCH_PATHS = (
					"$(SDKROOT)/Developer/Library/Frameworks",
					"$(inherited)",
				);
				INFOPLIST_FILE = "Nicola GiancecchiTests/Info.plist";
				LD_RUNPATH_SEARCH_PATHS = "$(inherited) @executable_path/Frameworks @loader_path/Frameworks";
				PRODUCT_NAME = "$(TARGET_NAME)";
				TEST_HOST = "$(BUILT_PRODUCTS_DIR)/Nicola Giancecchi.app/Nicola Giancecchi";
			};
			name = Release;
		};
/* End XCBuildConfiguration section */

/* Begin XCConfigurationList section */
		7CFC9B851ADD4EB20017DD5B /* Build configuration list for PBXProject "Nicola Giancecchi" */ = {
			isa = XCConfigurationList;
			buildConfigurations = (
				7CFC9BA71ADD4EB30017DD5B /* Debug */,
				7CFC9BA81ADD4EB30017DD5B /* Release */,
			);
			defaultConfigurationIsVisible = 0;
			defaultConfigurationName = Release;
		};
		7CFC9BA91ADD4EB30017DD5B /* Build configuration list for PBXNativeTarget "Nicola Giancecchi" */ = {
			isa = XCConfigurationList;
			buildConfigurations = (
				7CFC9BAA1ADD4EB30017DD5B /* Debug */,
				7CFC9BAB1ADD4EB30017DD5B /* Release */,
			);
			defaultConfigurationIsVisible = 0;
		};
		7CFC9BAC1ADD4EB30017DD5B /* Build configuration list for PBXNativeTarget "Nicola GiancecchiTests" */ = {
			isa = XCConfigurationList;
			buildConfigurations = (
				7CFC9BAD1ADD4EB30017DD5B /* Debug */,
				7CFC9BAE1ADD4EB30017DD5B /* Release */,
			);
			defaultConfigurationIsVisible = 0;
		};
/* End XCConfigurationList section */
	};
	rootObject = 7CFC9B821ADD4EB20017DD5B /* Project object */;
}
